
Microsoft Visual Studio Solution File, Format Version 12.00
# Visual Studio 14
VisualStudioVersion = 14.0.25420.1
MinimumVisualStudioVersion = 10.0.40219.1
Project("{FAE04EC0-301F-11D3-BF4B-00C04F79EFBC}") = "MoviesApp.DAL", "MoviesApp.DAL\MoviesApp.DAL.csproj", "{F10BF54B-E2EF-41B5-BEC8-AAD34AC4F166}"
EndProject
Project("{FAE04EC0-301F-11D3-BF4B-00C04F79EFBC}") = "MoviesApp.MVC", "MoviesApp.MVC\MoviesApp.MVC.csproj", "{C0B91C0F-5D15-4464-9365-821E3A69C703}"
EndProject
Project("{FAE04EC0-301F-11D3-BF4B-00C04F79EFBC}") = "MoviesApp.Repository", "MoviesApp.Repository\MoviesApp.Repository.csproj", "{655C479A-8797-4ECD-97F4-B8D1B51A4547}"
EndProject
Project("{FAE04EC0-301F-11D3-BF4B-00C04F79EFBC}") = "MoviesApp.API", "MoviesApp.API\MoviesApp.API.csproj", "{B7D66F5A-4A09-4702-A59F-0BD054F21F9E}"
EndProject
Global
	GlobalSection(SolutionConfigurationPlatforms) = preSolution
		Debug|Any CPU = Debug|Any CPU
		Release|Any CPU = Release|Any CPU
	EndGlobalSection
	GlobalSection(ProjectConfigurationPlatforms) = postSolution
		{F10BF54B-E2EF-41B5-BEC8-AAD34AC4F166}.Debug|Any CPU.ActiveCfg = Debug|Any CPU
		{F10BF54B-E2EF-41B5-BEC8-AAD34AC4F166}.Debug|Any CPU.Build.0 = Debug|Any CPU
		{F10BF54B-E2EF-41B5-BEC8-AAD34AC4F166}.Release|Any CPU.ActiveCfg = Release|Any CPU
		{F10BF54B-E2EF-41B5-BEC8-AAD34AC4F166}.Release|Any CPU.Build.0 = Release|Any CPU
		{C0B91C0F-5D15-4464-9365-821E3A69C703}.Debug|Any CPU.ActiveCfg = Debug|Any CPU
		{C0B91C0F-5D15-4464-9365-821E3A69C703}.Debug|Any CPU.Build.0 = Debug|Any CPU
		{C0B91C0F-5D15-4464-9365-821E3A69C703}.Release|Any CPU.ActiveCfg = Release|Any CPU
		{C0B91C0F-5D15-4464-9365-821E3A69C703}.Release|Any CPU.Build.0 = Release|Any CPU
		{655C479A-8797-4ECD-97F4-B8D1B51A4547}.Debug|Any CPU.ActiveCfg = Debug|Any CPU
		{655C479A-8797-4ECD-97F4-B8D1B51A4547}.Debug|Any CPU.Build.0 = Debug|Any CPU
		{655C479A-8797-4ECD-97F4-B8D1B51A4547}.Release|Any CPU.ActiveCfg = Release|Any CPU
		{655C479A-8797-4ECD-97F4-B8D1B51A4547}.Release|Any CPU.Build.0 = Release|Any CPU
		{B7D66F5A-4A09-4702-A59F-0BD054F21F9E}.Debug|Any CPU.ActiveCfg = Debug|Any CPU
		{B7D66F5A-4A09-4702-A59F-0BD054F21F9E}.Debug|Any CPU.Build.0 = Debug|Any CPU
		{B7D66F5A-4A09-4702-A59F-0BD054F21F9E}.Release|Any CPU.ActiveCfg = Release|Any CPU
		{B7D66F5A-4A09-4702-A59F-0BD054F21F9E}.Release|Any CPU.Build.0 = Release|Any CPU
	EndGlobalSection
	GlobalSection(SolutionProperties) = preSolution
		HideSolutionNode = FALSE
	EndGlobalSection
EndGlobal
